
Microsoft Visual Studio Solution File, Format Version 12.00
# Visual Studio Version 17
VisualStudioVersion = 17.1.32319.34
MinimumVisualStudioVersion = 10.0.40219.1
Project("{FAE04EC0-301F-11D3-BF4B-00C04F79EFBC}") = "SpecificationManager", "SpecificationManager\SpecificationManager.csproj", "{BB43FE58-DF43-402F-9ADC-F9D0AA2A0774}"
EndProject
Global
	GlobalSection(SolutionConfigurationPlatforms) = preSolution
		Debug|Any CPU = Debug|Any CPU
		Release|Any CPU = Release|Any CPU
	EndGlobalSection
	GlobalSection(ProjectConfigurationPlatforms) = postSolution
		{BB43FE58-DF43-402F-9ADC-F9D0AA2A0774}.Debug|Any CPU.ActiveCfg = Debug|Any CPU
		{BB43FE58-DF43-402F-9ADC-F9D0AA2A0774}.Debug|Any CPU.Build.0 = Debug|Any CPU
		{BB43FE58-DF43-402F-9ADC-F9D0AA2A0774}.Release|Any CPU.ActiveCfg = Debug|Any CPU
		{BB43FE58-DF43-402F-9ADC-F9D0AA2A0774}.Release|Any CPU.Build.0 = Debug|Any CPU
	EndGlobalSection
	GlobalSection(SolutionProperties) = preSolution
		HideSolutionNode = FALSE
	EndGlobalSection
	GlobalSection(ExtensibilityGlobals) = postSolution
		SolutionGuid = {DDAED703-A0CD-40C6-9CA3-5B3A1084C151}
	EndGlobalSection
EndGlobal
